
Microsoft Visual Studio Solution File, Format Version 12.00
# Visual Studio 2012
Project("{FAE04EC0-301F-11D3-BF4B-00C04F79EFBC}") = "demoWCFClient", "demoWCFClient\demoWCFClient.csproj", "{BEF56287-268D-4F52-80CF-564F36BDFA85}"
EndProject
Project("{FAE04EC0-301F-11D3-BF4B-00C04F79EFBC}") = "Servis", "Servis\Servis.csproj", "{6914FCDD-870D-4FD7-B9DA-53AB1FDA2F70}"
EndProject
Global
	GlobalSection(SolutionConfigurationPlatforms) = preSolution
		Debug|Any CPU = Debug|Any CPU
		Release|Any CPU = Release|Any CPU
	EndGlobalSection
	GlobalSection(ProjectConfigurationPlatforms) = postSolution
		{BEF56287-268D-4F52-80CF-564F36BDFA85}.Debug|Any CPU.ActiveCfg = Debug|Any CPU
		{BEF56287-268D-4F52-80CF-564F36BDFA85}.Debug|Any CPU.Build.0 = Debug|Any CPU
		{BEF56287-268D-4F52-80CF-564F36BDFA85}.Release|Any CPU.ActiveCfg = Release|Any CPU
		{BEF56287-268D-4F52-80CF-564F36BDFA85}.Release|Any CPU.Build.0 = Release|Any CPU
		{6914FCDD-870D-4FD7-B9DA-53AB1FDA2F70}.Debug|Any CPU.ActiveCfg = Debug|Any CPU
		{6914FCDD-870D-4FD7-B9DA-53AB1FDA2F70}.Debug|Any CPU.Build.0 = Debug|Any CPU
		{6914FCDD-870D-4FD7-B9DA-53AB1FDA2F70}.Release|Any CPU.ActiveCfg = Release|Any CPU
		{6914FCDD-870D-4FD7-B9DA-53AB1FDA2F70}.Release|Any CPU.Build.0 = Release|Any CPU
	EndGlobalSection
	GlobalSection(SolutionProperties) = preSolution
		HideSolutionNode = FALSE
	EndGlobalSection
EndGlobal
